// !$*UTF8*$!
{
	archiveVersion = 1;
	classes = {
	};
	objectVersion = 46;
	objects = {

/* Begin PBXBuildFile section */
		6FE5F2CA15E7288500E33191 /* UIKit.framework in Frameworks */ = {isa = PBXBuildFile; fileRef = 6FE5F2C915E7288500E33191 /* UIKit.framework */; };
		6FE5F2CC15E7288500E33191 /* Foundation.framework in Frameworks */ = {isa = PBXBuildFile; fileRef = 6FE5F2CB15E7288500E33191 /* Foundation.framework */; };
		6FE5F2CE15E7288500E33191 /* CoreGraphics.framework in Frameworks */ = {isa = PBXBuildFile; fileRef = 6FE5F2CD15E7288500E33191 /* CoreGraphics.framework */; };
		6FE5F2D415E7288500E33191 /* InfoPlist.strings in Resources */ = {isa = PBXBuildFile; fileRef = 6FE5F2D215E7288500E33191 /* InfoPlist.strings */; };
		6FE5F2D615E7288500E33191 /* main.m in Sources */ = {isa = PBXBuildFile; fileRef = 6FE5F2D515E7288500E33191 /* main.m */; };
		6FE5F2DA15E7288500E33191 /* AppDelegate.m in Sources */ = {isa = PBXBuildFile; fileRef = 6FE5F2D915E7288500E33191 /* AppDelegate.m */; };
		6FE5F2DD15E7288500E33191 /* MainStoryboard.storyboard in Resources */ = {isa = PBXBuildFile; fileRef = 6FE5F2DB15E7288500E33191 /* MainStoryboard.storyboard */; };
		6FE5F2E015E7288500E33191 /* ViewController.m in Sources */ = {isa = PBXBuildFile; fileRef = 6FE5F2DF15E7288500E33191 /* ViewController.m */; };
/* End PBXBuildFile section */

/* Begin PBXFileReference section */
		6FE5F2C515E7288500E33191 /* ChangeViewControllerWithSegmentControl.app */ = {isa = PBXFileReference; explicitFileType = wrapper.application; includeInIndex = 0; path = ChangeViewControllerWithSegmentControl.app; sourceTree = BUILT_PRODUCTS_DIR; };
		6FE5F2C915E7288500E33191 /* UIKit.framework */ = {isa = PBXFileReference; lastKnownFileType = wrapper.framework; name = UIKit.framework; path = System/Library/Frameworks/UIKit.framework; sourceTree = SDKROOT; };
		6FE5F2CB15E7288500E33191 /* Foundation.framework */ = {isa = PBXFileReference; lastKnownFileType = wrapper.framework; name = Foundation.framework; path = System/Library/Frameworks/Foundation.framework; sourceTree = SDKROOT; };
		6FE5F2CD15E7288500E33191 /* CoreGraphics.framework */ = {isa = PBXFileReference; lastKnownFileType = wrapper.framework; name = CoreGraphics.framework; path = System/Library/Frameworks/CoreGraphics.framework; sourceTree = SDKROOT; };
		6FE5F2D115E7288500E33191 /* ChangeViewControllerWithSegmentControl-Info.plist */ = {isa = PBXFileReference; lastKnownFileType = text.plist.xml; path = "ChangeViewControllerWithSegmentControl-Info.plist"; sourceTree = "<group>"; };
		6FE5F2D315E7288500E33191 /* en */ = {isa = PBXFileReference; lastKnownFileType = text.plist.strings; name = en; path = en.lproj/InfoPlist.strings; sourceTree = "<group>"; };
		6FE5F2D515E7288500E33191 /* main.m */ = {isa = PBXFileReference; lastKnownFileType = sourcecode.c.objc; path = main.m; sourceTree = "<group>"; };
		6FE5F2D715E7288500E33191 /* ChangeViewControllerWithSegmentControl-Prefix.pch */ = {isa = PBXFileReference; lastKnownFileType = sourcecode.c.h; path = "ChangeViewControllerWithSegmentControl-Prefix.pch"; sourceTree = "<group>"; };
		6FE5F2D815E7288500E33191 /* AppDelegate.h */ = {isa = PBXFileReference; lastKnownFileType = sourcecode.c.h; path = AppDelegate.h; sourceTree = "<group>"; };
		6FE5F2D915E7288500E33191 /* AppDelegate.m */ = {isa = PBXFileReference; lastKnownFileType = sourcecode.c.objc; path = AppDelegate.m; sourceTree = "<group>"; };
		6FE5F2DC15E7288500E33191 /* en */ = {isa = PBXFileReference; lastKnownFileType = file.storyboard; name = en; path = en.lproj/MainStoryboard.storyboard; sourceTree = "<group>"; };
		6FE5F2DE15E7288500E33191 /* ViewController.h */ = {isa = PBXFileReference; lastKnownFileType = sourcecode.c.h; path = ViewController.h; sourceTree = "<group>"; };
		6FE5F2DF15E7288500E33191 /* ViewController.m */ = {isa = PBXFileReference; lastKnownFileType = sourcecode.c.objc; path = ViewController.m; sourceTree = "<group>"; };
/* End PBXFileReference section */

/* Begin PBXFrameworksBuildPhase section */
		6FE5F2C215E7288500E33191 /* Frameworks */ = {
			isa = PBXFrameworksBuildPhase;
			buildActionMask = 2147483647;
			files = (
				6FE5F2CA15E7288500E33191 /* UIKit.framework in Frameworks */,
				6FE5F2CC15E7288500E33191 /* Foundation.framework in Frameworks */,
				6FE5F2CE15E7288500E33191 /* CoreGraphics.framework in Frameworks */,
			);
			runOnlyForDeploymentPostprocessing = 0;
		};
/* End PBXFrameworksBuildPhase section */

/* Begin PBXGroup section */
		6FE5F2BA15E7288500E33191 = {
			isa = PBXGroup;
			children = (
				6FE5F2CF15E7288500E33191 /* ChangeViewControllerWithSegmentControl */,
				6FE5F2C815E7288500E33191 /* Frameworks */,
				6FE5F2C615E7288500E33191 /* Products */,
			);
			sourceTree = "<group>";
		};
		6FE5F2C615E7288500E33191 /* Products */ = {
			isa = PBXGroup;
			children = (
				6FE5F2C515E7288500E33191 /* ChangeViewControllerWithSegmentControl.app */,
			);
			name = Products;
			sourceTree = "<group>";
		};
		6FE5F2C815E7288500E33191 /* Frameworks */ = {
			isa = PBXGroup;
			children = (
				6FE5F2C915E7288500E33191 /* UIKit.framework */,
				6FE5F2CB15E7288500E33191 /* Foundation.framework */,
				6FE5F2CD15E7288500E33191 /* CoreGraphics.framework */,
			);
			name = Frameworks;
			sourceTree = "<group>";
		};
		6FE5F2CF15E7288500E33191 /* ChangeViewControllerWithSegmentControl */ = {
			isa = PBXGroup;
			children = (
				6FE5F2D815E7288500E33191 /* AppDelegate.h */,
				6FE5F2D915E7288500E33191 /* AppDelegate.m */,
				6FE5F2DB15E7288500E33191 /* MainStoryboard.storyboard */,
				6FE5F2DE15E7288500E33191 /* ViewController.h */,
				6FE5F2DF15E7288500E33191 /* ViewController.m */,
				6FE5F2D015E7288500E33191 /* Supporting Files */,
			);
			name = ChangeViewControllerWithSegmentControl;
			path = tab;
			sourceTree = "<group>";
		};
		6FE5F2D015E7288500E33191 /* Supporting Files */ = {
			isa = PBXGroup;
			children = (
				6FE5F2D115E7288500E33191 /* ChangeViewControllerWithSegmentControl-Info.plist */,
				6FE5F2D215E7288500E33191 /* InfoPlist.strings */,
				6FE5F2D515E7288500E33191 /* main.m */,
				6FE5F2D715E7288500E33191 /* ChangeViewControllerWithSegmentControl-Prefix.pch */,
			);
			name = "Supporting Files";
			sourceTree = "<group>";
		};
/* End PBXGroup section */

/* Begin PBXNativeTarget section */
		6FE5F2C415E7288500E33191 /* ChangeViewControllerWithSegmentControl */ = {
			isa = PBXNativeTarget;
			buildConfigurationList = 6FE5F2E315E7288500E33191 /* Build configuration list for PBXNativeTarget "ChangeViewControllerWithSegmentControl" */;
			buildPhases = (
				6FE5F2C115E7288500E33191 /* Sources */,
				6FE5F2C215E7288500E33191 /* Frameworks */,
				6FE5F2C315E7288500E33191 /* Resources */,
			);
			buildRules = (
			);
			dependencies = (
			);
			name = ChangeViewControllerWithSegmentControl;
			productName = tab;
			productReference = 6FE5F2C515E7288500E33191 /* ChangeViewControllerWithSegmentControl.app */;
			productType = "com.apple.product-type.application";
		};
/* End PBXNativeTarget section */

/* Begin PBXProject section */
		6FE5F2BC15E7288500E33191 /* Project object */ = {
			isa = PBXProject;
			attributes = {
				LastUpgradeCheck = 0440;
				ORGANIZATIONNAME = "Kin Wah Lai";
			};
			buildConfigurationList = 6FE5F2BF15E7288500E33191 /* Build configuration list for PBXProject "ChangeViewControllerWithSegmentControl" */;
			compatibilityVersion = "Xcode 3.2";
			developmentRegion = English;
			hasScannedForEncodings = 0;
			knownRegions = (
				en,
			);
			mainGroup = 6FE5F2BA15E7288500E33191;
			productRefGroup = 6FE5F2C615E7288500E33191 /* Products */;
			projectDirPath = "";
			projectRoot = "";
			targets = (
				6FE5F2C415E7288500E33191 /* ChangeViewControllerWithSegmentControl */,
			);
		};
/* End PBXProject section */

/* Begin PBXResourcesBuildPhase section */
		6FE5F2C315E7288500E33191 /* Resources */ = {
			isa = PBXResourcesBuildPhase;
			buildActionMask = 2147483647;
			files = (
				6FE5F2D415E7288500E33191 /* InfoPlist.strings in Resources */,
				6FE5F2DD15E7288500E33191 /* MainStoryboard.storyboard in Resources */,
			);
			runOnlyForDeploymentPostprocessing = 0;
		};
/* End PBXResourcesBuildPhase section */

/* Begin PBXSourcesBuildPhase section */
		6FE5F2C115E7288500E33191 /* Sources */ = {
			isa = PBXSourcesBuildPhase;
			buildActionMask = 2147483647;
			files = (
				6FE5F2D615E7288500E33191 /* main.m in Sources */,
				6FE5F2DA15E7288500E33191 /* AppDelegate.m in Sources */,
				6FE5F2E015E7288500E33191 /* ViewController.m in Sources */,
			);
			runOnlyForDeploymentPostprocessing = 0;
		};
/* End PBXSourcesBuildPhase section */

/* Begin PBXVariantGroup section */
		6FE5F2D215E7288500E33191 /* InfoPlist.strings */ = {
			isa = PBXVariantGroup;
			children = (
				6FE5F2D315E7288500E33191 /* en */,
			);
			name = InfoPlist.strings;
			sourceTree = "<group>";
		};
		6FE5F2DB15E7288500E33191 /* MainStoryboard.storyboard */ = {
			isa = PBXVariantGroup;
			children = (
				6FE5F2DC15E7288500E33191 /* en */,
			);
			name = MainStoryboard.storyboard;
			sourceTree = "<group>";
		};
/* End PBXVariantGroup section */

/* Begin XCBuildConfiguration section */
		6FE5F2E115E7288500E33191 /* Debug */ = {
			isa = XCBuildConfiguration;
			buildSettings = {
				ALWAYS_SEARCH_USER_PATHS = NO;
				ARCHS = "$(ARCHS_STANDARD_32_BIT)";
				CLANG_CXX_LANGUAGE_STANDARD = "gnu++0x";
				CLANG_ENABLE_OBJC_ARC = YES;
				CLANG_WARN__DUPLICATE_METHOD_MATCH = YES;
				"CODE_SIGN_IDENTITY[sdk=iphoneos*]" = "iPhone Developer";
				COPY_PHASE_STRIP = NO;
				GCC_C_LANGUAGE_STANDARD = gnu99;
				GCC_DYNAMIC_NO_PIC = NO;
				GCC_OPTIMIZATION_LEVEL = 0;
				GCC_PREPROCESSOR_DEFINITIONS = (
					"DEBUG=1",
					"$(inherited)",
				);
				GCC_SYMBOLS_PRIVATE_EXTERN = NO;
				GCC_VERSION = com.apple.compilers.llvm.clang.1_0;
				GCC_WARN_ABOUT_RETURN_TYPE = YES;
				GCC_WARN_UNINITIALIZED_AUTOS = YES;
				GCC_WARN_UNUSED_VARIABLE = YES;
				IPHONEOS_DEPLOYMENT_TARGET = 4.3;
				SDKROOT = iphoneos;
			};
			name = Debug;
		};
		6FE5F2E215E7288500E33191 /* Release */ = {
			isa = XCBuildConfiguration;
			buildSettings = {
				ALWAYS_SEARCH_USER_PATHS = NO;
				ARCHS = "$(ARCHS_STANDARD_32_BIT)";
				CLANG_CXX_LANGUAGE_STANDARD = "gnu++0x";
				CLANG_ENABLE_OBJC_ARC = YES;
				CLANG_WARN__DUPLICATE_METHOD_MATCH = YES;
				"CODE_SIGN_IDENTITY[sdk=iphoneos*]" = "iPhone Developer";
				COPY_PHASE_STRIP = YES;
				GCC_C_LANGUAGE_STANDARD = gnu99;
				GCC_VERSION = com.apple.compilers.llvm.clang.1_0;
				GCC_WARN_ABOUT_RETURN_TYPE = YES;
				GCC_WARN_UNINITIALIZED_AUTOS = YES;
				GCC_WARN_UNUSED_VARIABLE = YES;
				IPHONEOS_DEPLOYMENT_TARGET = 4.3;
				OTHER_CFLAGS = "-DNS_BLOCK_ASSERTIONS=1";
				SDKROOT = iphoneos;
				VALIDATE_PRODUCT = YES;
			};
			name = Release;
		};
		6FE5F2E415E7288500E33191 /* Debug */ = {
			isa = XCBuildConfiguration;
			buildSettings = {
				GCC_PRECOMPILE_PREFIX_HEADER = YES;
				GCC_PREFIX_HEADER = "tab/ChangeViewControllerWithSegmentControl-Prefix.pch";
				INFOPLIST_FILE = "tab/ChangeViewControllerWithSegmentControl-Info.plist";
				PRODUCT_NAME = ChangeViewControllerWithSegmentControl;
				WRAPPER_EXTENSION = app;
			};
			name = Debug;
		};
		6FE5F2E515E7288500E33191 /* Release */ = {
			isa = XCBuildConfiguration;
			buildSettings = {
				GCC_PRECOMPILE_PREFIX_HEADER = YES;
				GCC_PREFIX_HEADER = "tab/ChangeViewControllerWithSegmentControl-Prefix.pch";
				INFOPLIST_FILE = "tab/ChangeViewControllerWithSegmentControl-Info.plist";
				PRODUCT_NAME = ChangeViewControllerWithSegmentControl;
				WRAPPER_EXTENSION = app;
			};
			name = Release;
		};
/* End XCBuildConfiguration section */

/* Begin XCConfigurationList section */
		6FE5F2BF15E7288500E33191 /* Build configuration list for PBXProject "ChangeViewControllerWithSegmentControl" */ = {
			isa = XCConfigurationList;
			buildConfigurations = (
				6FE5F2E115E7288500E33191 /* Debug */,
				6FE5F2E215E7288500E33191 /* Release */,
			);
			defaultConfigurationIsVisible = 0;
			defaultConfigurationName = Release;
		};
		6FE5F2E315E7288500E33191 /* Build configuration list for PBXNativeTarget "ChangeViewControllerWithSegmentControl" */ = {
			isa = XCConfigurationList;
			buildConfigurations = (
				6FE5F2E415E7288500E33191 /* Debug */,
				6FE5F2E515E7288500E33191 /* Release */,
			);
			defaultConfigurationIsVisible = 0;
			defaultConfigurationName = Release;
		};
/* End XCConfigurationList section */
	};
	rootObject = 6FE5F2BC15E7288500E33191 /* Project object */;
}
